// !$*UTF8*$!
{
	archiveVersion = 1;
	classes = {
	};
	objectVersion = 46;
	objects = {

/* Begin PBXBuildFile section */
		B2CD1E6D1D4770F700DCDCFE /* main.m in Sources */ = {isa = PBXBuildFile; fileRef = B2CD1E6C1D4770F700DCDCFE /* main.m */; };
		B2CD1E701D4770F700DCDCFE /* AppDelegate.m in Sources */ = {isa = PBXBuildFile; fileRef = B2CD1E6F1D4770F700DCDCFE /* AppDelegate.m */; };
		B2CD1E731D4770F700DCDCFE /* ViewController.m in Sources */ = {isa = PBXBuildFile; fileRef = B2CD1E721D4770F700DCDCFE /* ViewController.m */; };
		B2CD1E761D4770F700DCDCFE /* Main.storyboard in Resources */ = {isa = PBXBuildFile; fileRef = B2CD1E741D4770F700DCDCFE /* Main.storyboard */; };
		B2CD1E791D4770F700DCDCFE /* loginDemo.xcdatamodeld in Sources */ = {isa = PBXBuildFile; fileRef = B2CD1E771D4770F700DCDCFE /* loginDemo.xcdatamodeld */; };
		B2CD1E7B1D4770F700DCDCFE /* Assets.xcassets in Resources */ = {isa = PBXBuildFile; fileRef = B2CD1E7A1D4770F700DCDCFE /* Assets.xcassets */; };
		B2CD1E7E1D4770F700DCDCFE /* LaunchScreen.storyboard in Resources */ = {isa = PBXBuildFile; fileRef = B2CD1E7C1D4770F700DCDCFE /* LaunchScreen.storyboard */; };
		B2CD1E871D47711A00DCDCFE /* WXWindow.m in Sources */ = {isa = PBXBuildFile; fileRef = B2CD1E861D47711A00DCDCFE /* WXWindow.m */; };
		B2CD1E8C1D47714800DCDCFE /* WXLoginController.m in Sources */ = {isa = PBXBuildFile; fileRef = B2CD1E8A1D47714800DCDCFE /* WXLoginController.m */; };
		B2CD1E8D1D47714800DCDCFE /* WXLoginController.storyboard in Resources */ = {isa = PBXBuildFile; fileRef = B2CD1E8B1D47714800DCDCFE /* WXLoginController.storyboard */; };
		B2CD1E901D47736E00DCDCFE /* WXDemoView.m in Sources */ = {isa = PBXBuildFile; fileRef = B2CD1E8F1D47736E00DCDCFE /* WXDemoView.m */; };
/* End PBXBuildFile section */

/* Begin PBXFileReference section */
		B2CD1E681D4770F700DCDCFE /* loginDemo.app */ = {isa = PBXFileReference; explicitFileType = wrapper.application; includeInIndex = 0; path = loginDemo.app; sourceTree = BUILT_PRODUCTS_DIR; };
		B2CD1E6C1D4770F700DCDCFE /* main.m */ = {isa = PBXFileReference; lastKnownFileType = sourcecode.c.objc; path = main.m; sourceTree = "<group>"; };
		B2CD1E6E1D4770F700DCDCFE /* AppDelegate.h */ = {isa = PBXFileReference; lastKnownFileType = sourcecode.c.h; path = AppDelegate.h; sourceTree = "<group>"; };
		B2CD1E6F1D4770F700DCDCFE /* AppDelegate.m */ = {isa = PBXFileReference; lastKnownFileType = sourcecode.c.objc; path = AppDelegate.m; sourceTree = "<group>"; };
		B2CD1E711D4770F700DCDCFE /* ViewController.h */ = {isa = PBXFileReference; lastKnownFileType = sourcecode.c.h; path = ViewController.h; sourceTree = "<group>"; };
		B2CD1E721D4770F700DCDCFE /* ViewController.m */ = {isa = PBXFileReference; lastKnownFileType = sourcecode.c.objc; path = ViewController.m; sourceTree = "<group>"; };
		B2CD1E751D4770F700DCDCFE /* Base */ = {isa = PBXFileReference; lastKnownFileType = file.storyboard; name = Base; path = Base.lproj/Main.storyboard; sourceTree = "<group>"; };
		B2CD1E781D4770F700DCDCFE /* loginDemo.xcdatamodel */ = {isa = PBXFileReference; lastKnownFileType = wrapper.xcdatamodel; path = loginDemo.xcdatamodel; sourceTree = "<group>"; };
		B2CD1E7A1D4770F700DCDCFE /* Assets.xcassets */ = {isa = PBXFileReference; lastKnownFileType = folder.assetcatalog; path = Assets.xcassets; sourceTree = "<group>"; };
		B2CD1E7D1D4770F700DCDCFE /* Base */ = {isa = PBXFileReference; lastKnownFileType = file.storyboard; name = Base; path = Base.lproj/LaunchScreen.storyboard; sourceTree = "<group>"; };
		B2CD1E7F1D4770F700DCDCFE /* Info.plist */ = {isa = PBXFileReference; lastKnownFileType = text.plist.xml; path = Info.plist; sourceTree = "<group>"; };
		B2CD1E851D47711A00DCDCFE /* WXWindow.h */ = {isa = PBXFileReference; fileEncoding = 4; lastKnownFileType = sourcecode.c.h; path = WXWindow.h; sourceTree = "<group>"; };
		B2CD1E861D47711A00DCDCFE /* WXWindow.m */ = {isa = PBXFileReference; fileEncoding = 4; lastKnownFileType = sourcecode.c.objc; path = WXWindow.m; sourceTree = "<group>"; };
		B2CD1E891D47714800DCDCFE /* WXLoginController.h */ = {isa = PBXFileReference; fileEncoding = 4; lastKnownFileType = sourcecode.c.h; path = WXLoginController.h; sourceTree = "<group>"; };
		B2CD1E8A1D47714800DCDCFE /* WXLoginController.m */ = {isa = PBXFileReference; fileEncoding = 4; lastKnownFileType = sourcecode.c.objc; path = WXLoginController.m; sourceTree = "<group>"; };
		B2CD1E8B1D47714800DCDCFE /* WXLoginController.storyboard */ = {isa = PBXFileReference; fileEncoding = 4; lastKnownFileType = file.storyboard; path = WXLoginController.storyboard; sourceTree = "<group>"; };
		B2CD1E8E1D47736E00DCDCFE /* WXDemoView.h */ = {isa = PBXFileReference; fileEncoding = 4; lastKnownFileType = sourcecode.c.h; path = WXDemoView.h; sourceTree = "<group>"; };
		B2CD1E8F1D47736E00DCDCFE /* WXDemoView.m */ = {isa = PBXFileReference; fileEncoding = 4; lastKnownFileType = sourcecode.c.objc; path = WXDemoView.m; sourceTree = "<group>"; };
/* End PBXFileReference section */

/* Begin PBXFrameworksBuildPhase section */
		B2CD1E651D4770F700DCDCFE /* Frameworks */ = {
			isa = PBXFrameworksBuildPhase;
			buildActionMask = 2147483647;
			files = (
			);
			runOnlyForDeploymentPostprocessing = 0;
		};
/* End PBXFrameworksBuildPhase section */

/* Begin PBXGroup section */
		B2CD1E5F1D4770F700DCDCFE = {
			isa = PBXGroup;
			children = (
				B2CD1E6A1D4770F700DCDCFE /* loginDemo */,
				B2CD1E691D4770F700DCDCFE /* Products */,
			);
			sourceTree = "<group>";
		};
		B2CD1E691D4770F700DCDCFE /* Products */ = {
			isa = PBXGroup;
			children = (
				B2CD1E681D4770F700DCDCFE /* loginDemo.app */,
			);
			name = Products;
			sourceTree = "<group>";
		};
		B2CD1E6A1D4770F700DCDCFE /* loginDemo */ = {
			isa = PBXGroup;
			children = (
				B2CD1E881D47714800DCDCFE /* Controller */,
				B2CD1E6E1D4770F700DCDCFE /* AppDelegate.h */,
				B2CD1E6F1D4770F700DCDCFE /* AppDelegate.m */,
				B2CD1E851D47711A00DCDCFE /* WXWindow.h */,
				B2CD1E861D47711A00DCDCFE /* WXWindow.m */,
				B2CD1E8E1D47736E00DCDCFE /* WXDemoView.h */,
				B2CD1E8F1D47736E00DCDCFE /* WXDemoView.m */,
				B2CD1E6B1D4770F700DCDCFE /* Supporting Files */,
			);
			path = loginDemo;
			sourceTree = "<group>";
		};
		B2CD1E6B1D4770F700DCDCFE /* Supporting Files */ = {
			isa = PBXGroup;
			children = (
				B2CD1E711D4770F700DCDCFE /* ViewController.h */,
				B2CD1E721D4770F700DCDCFE /* ViewController.m */,
				B2CD1E7F1D4770F700DCDCFE /* Info.plist */,
				B2CD1E741D4770F700DCDCFE /* Main.storyboard */,
				B2CD1E7A1D4770F700DCDCFE /* Assets.xcassets */,
				B2CD1E7C1D4770F700DCDCFE /* LaunchScreen.storyboard */,
				B2CD1E771D4770F700DCDCFE /* loginDemo.xcdatamodeld */,
				B2CD1E6C1D4770F700DCDCFE /* main.m */,
			);
			name = "Supporting Files";
			sourceTree = "<group>";
		};
		B2CD1E881D47714800DCDCFE /* Controller */ = {
			isa = PBXGroup;
			children = (
				B2CD1E891D47714800DCDCFE /* WXLoginController.h */,
				B2CD1E8A1D47714800DCDCFE /* WXLoginController.m */,
				B2CD1E8B1D47714800DCDCFE /* WXLoginController.storyboard */,
			);
			path = Controller;
			sourceTree = "<group>";
		};
/* End PBXGroup section */

/* Begin PBXNativeTarget section */
		B2CD1E671D4770F700DCDCFE /* loginDemo */ = {
			isa = PBXNativeTarget;
			buildConfigurationList = B2CD1E821D4770F700DCDCFE /* Build configuration list for PBXNativeTarget "loginDemo" */;
			buildPhases = (
				B2CD1E641D4770F700DCDCFE /* Sources */,
				B2CD1E651D4770F700DCDCFE /* Frameworks */,
				B2CD1E661D4770F700DCDCFE /* Resources */,
			);
			buildRules = (
			);
			dependencies = (
			);
			name = loginDemo;
			productName = loginDemo;
			productReference = B2CD1E681D4770F700DCDCFE /* loginDemo.app */;
			productType = "com.apple.product-type.application";
		};
/* End PBXNativeTarget section */

/* Begin PBXProject section */
		B2CD1E601D4770F700DCDCFE /* Project object */ = {
			isa = PBXProject;
			attributes = {
				LastUpgradeCheck = 0730;
				ORGANIZATIONNAME = weixun;
				TargetAttributes = {
					B2CD1E671D4770F700DCDCFE = {
						CreatedOnToolsVersion = 7.3;
					};
				};
			};
			buildConfigurationList = B2CD1E631D4770F700DCDCFE /* Build configuration list for PBXProject "loginDemo" */;
			compatibilityVersion = "Xcode 3.2";
			developmentRegion = English;
			hasScannedForEncodings = 0;
			knownRegions = (
				en,
				Base,
			);
			mainGroup = B2CD1E5F1D4770F700DCDCFE;
			productRefGroup = B2CD1E691D4770F700DCDCFE /* Products */;
			projectDirPath = "";
			projectRoot = "";
			targets = (
				B2CD1E671D4770F700DCDCFE /* loginDemo */,
			);
		};
/* End PBXProject section */

/* Begin PBXResourcesBuildPhase section */
		B2CD1E661D4770F700DCDCFE /* Resources */ = {
			isa = PBXResourcesBuildPhase;
			buildActionMask = 2147483647;
			files = (
				B2CD1E7E1D4770F700DCDCFE /* LaunchScreen.storyboard in Resources */,
				B2CD1E7B1D4770F700DCDCFE /* Assets.xcassets in Resources */,
				B2CD1E761D4770F700DCDCFE /* Main.storyboard in Resources */,
				B2CD1E8D1D47714800DCDCFE /* WXLoginController.storyboard in Resources */,
			);
			runOnlyForDeploymentPostprocessing = 0;
		};
/* End PBXResourcesBuildPhase section */

/* Begin PBXSourcesBuildPhase section */
		B2CD1E641D4770F700DCDCFE /* Sources */ = {
			isa = PBXSourcesBuildPhase;
			buildActionMask = 2147483647;
			files = (
				B2CD1E871D47711A00DCDCFE /* WXWindow.m in Sources */,
				B2CD1E791D4770F700DCDCFE /* loginDemo.xcdatamodeld in Sources */,
				B2CD1E731D4770F700DCDCFE /* ViewController.m in Sources */,
				B2CD1E901D47736E00DCDCFE /* WXDemoView.m in Sources */,
				B2CD1E701D4770F700DCDCFE /* AppDelegate.m in Sources */,
				B2CD1E8C1D47714800DCDCFE /* WXLoginController.m in Sources */,
				B2CD1E6D1D4770F700DCDCFE /* main.m in Sources */,
			);
			runOnlyForDeploymentPostprocessing = 0;
		};
/* End PBXSourcesBuildPhase section */

/* Begin PBXVariantGroup section */
		B2CD1E741D4770F700DCDCFE /* Main.storyboard */ = {
			isa = PBXVariantGroup;
			children = (
				B2CD1E751D4770F700DCDCFE /* Base */,
			);
			name = Main.storyboard;
			sourceTree = "<group>";
		};
		B2CD1E7C1D4770F700DCDCFE /* LaunchScreen.storyboard */ = {
			isa = PBXVariantGroup;
			children = (
				B2CD1E7D1D4770F700DCDCFE /* Base */,
			);
			name = LaunchScreen.storyboard;
			sourceTree = "<group>";
		};
/* End PBXVariantGroup section */

/* Begin XCBuildConfiguration section */
		B2CD1E801D4770F700DCDCFE /* Debug */ = {
			isa = XCBuildConfiguration;
			buildSettings = {
				ALWAYS_SEARCH_USER_PATHS = NO;
				CLANG_ANALYZER_NONNULL = YES;
				CLANG_CXX_LANGUAGE_STANDARD = "gnu++0x";
				CLANG_CXX_LIBRARY = "libc++";
				CLANG_ENABLE_MODULES = YES;
				CLANG_ENABLE_OBJC_ARC = YES;
				CLANG_WARN_BOOL_CONVERSION = YES;
				CLANG_WARN_CONSTANT_CONVERSION = YES;
				CLANG_WARN_DIRECT_OBJC_ISA_USAGE = YES_ERROR;
				CLANG_WARN_EMPTY_BODY = YES;
				CLANG_WARN_ENUM_CONVERSION = YES;
				CLANG_WARN_INT_CONVERSION = YES;
				CLANG_WARN_OBJC_ROOT_CLASS = YES_ERROR;
				CLANG_WARN_UNREACHABLE_CODE = YES;
				CLANG_WARN__DUPLICATE_METHOD_MATCH = YES;
				"CODE_SIGN_IDENTITY[sdk=iphoneos*]" = "iPhone Developer";
				COPY_PHASE_STRIP = NO;
				DEBUG_INFORMATION_FORMAT = dwarf;
				ENABLE_STRICT_OBJC_MSGSEND = YES;
				ENABLE_TESTABILITY = YES;
				GCC_C_LANGUAGE_STANDARD = gnu99;
				GCC_DYNAMIC_NO_PIC = NO;
				GCC_NO_COMMON_BLOCKS = YES;
				GCC_OPTIMIZATION_LEVEL = 0;
				GCC_PREPROCESSOR_DEFINITIONS = (
					"DEBUG=1",
					"$(inherited)",
				);
				GCC_WARN_64_TO_32_BIT_CONVERSION = YES;
				GCC_WARN_ABOUT_RETURN_TYPE = YES_ERROR;
				GCC_WARN_UNDECLARED_SELECTOR = YES;
				GCC_WARN_UNINITIALIZED_AUTOS = YES_AGGRESSIVE;
				GCC_WARN_UNUSED_FUNCTION = YES;
				GCC_WARN_UNUSED_VARIABLE = YES;
				IPHONEOS_DEPLOYMENT_TARGET = 9.3;
				MTL_ENABLE_DEBUG_INFO = YES;
				ONLY_ACTIVE_ARCH = YES;
				SDKROOT = iphoneos;
			};
			name = Debug;
		};
		B2CD1E811D4770F700DCDCFE /* Release */ = {
			isa = XCBuildConfiguration;
			buildSettings = {
				ALWAYS_SEARCH_USER_PATHS = NO;
				CLANG_ANALYZER_NONNULL = YES;
				CLANG_CXX_LANGUAGE_STANDARD = "gnu++0x";
				CLANG_CXX_LIBRARY = "libc++";
				CLANG_ENABLE_MODULES = YES;
				CLANG_ENABLE_OBJC_ARC = YES;
				CLANG_WARN_BOOL_CONVERSION = YES;
				CLANG_WARN_CONSTANT_CONVERSION = YES;
				CLANG_WARN_DIRECT_OBJC_ISA_USAGE = YES_ERROR;
				CLANG_WARN_EMPTY_BODY = YES;
				CLANG_WARN_ENUM_CONVERSION = YES;
				CLANG_WARN_INT_CONVERSION = YES;
				CLANG_WARN_OBJC_ROOT_CLASS = YES_ERROR;
				CLANG_WARN_UNREACHABLE_CODE = YES;
				CLANG_WARN__DUPLICATE_METHOD_MATCH = YES;
				"CODE_SIGN_IDENTITY[sdk=iphoneos*]" = "iPhone Developer";
				COPY_PHASE_STRIP = NO;
				DEBUG_INFORMATION_FORMAT = "dwarf-with-dsym";
				ENABLE_NS_ASSERTIONS = NO;
				ENABLE_STRICT_OBJC_MSGSEND = YES;
				GCC_C_LANGUAGE_STANDARD = gnu99;
				GCC_NO_COMMON_BLOCKS = YES;
				GCC_WARN_64_TO_32_BIT_CONVERSION = YES;
				GCC_WARN_ABOUT_RETURN_TYPE = YES_ERROR;
				GCC_WARN_UNDECLARED_SELECTOR = YES;
				GCC_WARN_UNINITIALIZED_AUTOS = YES_AGGRESSIVE;
				GCC_WARN_UNUSED_FUNCTION = YES;
				GCC_WARN_UNUSED_VARIABLE = YES;
				IPHONEOS_DEPLOYMENT_TARGET = 9.3;
				MTL_ENABLE_DEBUG_INFO = NO;
				SDKROOT = iphoneos;
				VALIDATE_PRODUCT = YES;
			};
			name = Release;
		};
		B2CD1E831D4770F700DCDCFE /* Debug */ = {
			isa = XCBuildConfiguration;
			buildSettings = {
				ASSETCATALOG_COMPILER_APPICON_NAME = AppIcon;
				INFOPLIST_FILE = loginDemo/Info.plist;
				LD_RUNPATH_SEARCH_PATHS = "$(inherited) @executable_path/Frameworks";
				PRODUCT_BUNDLE_IDENTIFIER = com.weixun.loginDemo;
				PRODUCT_NAME = "$(TARGET_NAME)";
			};
			name = Debug;
		};
		B2CD1E841D4770F700DCDCFE /* Release */ = {
			isa = XCBuildConfiguration;
			buildSettings = {
				ASSETCATALOG_COMPILER_APPICON_NAME = AppIcon;
				INFOPLIST_FILE = loginDemo/Info.plist;
				LD_RUNPATH_SEARCH_PATHS = "$(inherited) @executable_path/Frameworks";
				PRODUCT_BUNDLE_IDENTIFIER = com.weixun.loginDemo;
				PRODUCT_NAME = "$(TARGET_NAME)";
			};
			name = Release;
		};
/* End XCBuildConfiguration section */

/* Begin XCConfigurationList section */
		B2CD1E631D4770F700DCDCFE /* Build configuration list for PBXProject "loginDemo" */ = {
			isa = XCConfigurationList;
			buildConfigurations = (
				B2CD1E801D4770F700DCDCFE /* Debug */,
				B2CD1E811D4770F700DCDCFE /* Release */,
			);
			defaultConfigurationIsVisible = 0;
			defaultConfigurationName = Release;
		};
		B2CD1E821D4770F700DCDCFE /* Build configuration list for PBXNativeTarget "loginDemo" */ = {
			isa = XCConfigurationList;
			buildConfigurations = (
				B2CD1E831D4770F700DCDCFE /* Debug */,
				B2CD1E841D4770F700DCDCFE /* Release */,
			);
			defaultConfigurationIsVisible = 0;
			defaultConfigurationName = Release;
		};
/* End XCConfigurationList section */

/* Begin XCVersionGroup section */
		B2CD1E771D4770F700DCDCFE /* loginDemo.xcdatamodeld */ = {
			isa = XCVersionGroup;
			children = (
				B2CD1E781D4770F700DCDCFE /* loginDemo.xcdatamodel */,
			);
			currentVersion = B2CD1E781D4770F700DCDCFE /* loginDemo.xcdatamodel */;
			path = loginDemo.xcdatamodeld;
			sourceTree = "<group>";
			versionGroupType = wrapper.xcdatamodel;
		};
/* End XCVersionGroup section */
	};
	rootObject = B2CD1E601D4770F700DCDCFE /* Project object */;
}
